
Microsoft Visual Studio Solution File, Format Version 12.00
# Visual Studio 15
Project("{FAE04EC0-301F-11D3-BF4B-00C04F79EFBC}") = "Imaging.Android", "Imaging.Android\Imaging.Android.csproj", "{20ECC727-4A41-4784-A65F-5C0FBEE7409F}"
EndProject
Project("{FAE04EC0-301F-11D3-BF4B-00C04F79EFBC}") = "Imaging.iOS", "Imaging.iOS\Imaging.iOS.csproj", "{837991B0-4B81-4E7B-9CF8-622EEED3960F}"
EndProject
Project("{FAE04EC0-301F-11D3-BF4B-00C04F79EFBC}") = "Imaging", "Imaging\Imaging.csproj", "{D5E2697D-C3CD-4EB4-96AD-D4B1D164C0DC}"
EndProject
Global
	GlobalSection(SolutionConfigurationPlatforms) = preSolution
		Debug|Any CPU = Debug|Any CPU
		Release|Any CPU = Release|Any CPU
		Debug|iPhoneSimulator = Debug|iPhoneSimulator
		Release|iPhoneSimulator = Release|iPhoneSimulator
		Debug|iPhone = Debug|iPhone
		Release|iPhone = Release|iPhone
	EndGlobalSection
	GlobalSection(ProjectConfigurationPlatforms) = postSolution
		{20ECC727-4A41-4784-A65F-5C0FBEE7409F}.Debug|Any CPU.ActiveCfg = Debug|Any CPU
		{20ECC727-4A41-4784-A65F-5C0FBEE7409F}.Debug|Any CPU.Build.0 = Debug|Any CPU
		{20ECC727-4A41-4784-A65F-5C0FBEE7409F}.Release|Any CPU.ActiveCfg = Release|Any CPU
		{20ECC727-4A41-4784-A65F-5C0FBEE7409F}.Release|Any CPU.Build.0 = Release|Any CPU
		{20ECC727-4A41-4784-A65F-5C0FBEE7409F}.Debug|iPhoneSimulator.ActiveCfg = Debug|Any CPU
		{20ECC727-4A41-4784-A65F-5C0FBEE7409F}.Debug|iPhoneSimulator.Build.0 = Debug|Any CPU
		{20ECC727-4A41-4784-A65F-5C0FBEE7409F}.Release|iPhoneSimulator.ActiveCfg = Release|Any CPU
		{20ECC727-4A41-4784-A65F-5C0FBEE7409F}.Release|iPhoneSimulator.Build.0 = Release|Any CPU
		{20ECC727-4A41-4784-A65F-5C0FBEE7409F}.Debug|iPhone.ActiveCfg = Debug|Any CPU
		{20ECC727-4A41-4784-A65F-5C0FBEE7409F}.Debug|iPhone.Build.0 = Debug|Any CPU
		{20ECC727-4A41-4784-A65F-5C0FBEE7409F}.Release|iPhone.ActiveCfg = Release|Any CPU
		{20ECC727-4A41-4784-A65F-5C0FBEE7409F}.Release|iPhone.Build.0 = Release|Any CPU
		{837991B0-4B81-4E7B-9CF8-622EEED3960F}.Debug|Any CPU.ActiveCfg = Debug|iPhoneSimulator
		{837991B0-4B81-4E7B-9CF8-622EEED3960F}.Debug|Any CPU.Build.0 = Debug|iPhoneSimulator
		{837991B0-4B81-4E7B-9CF8-622EEED3960F}.Release|Any CPU.ActiveCfg = Release|iPhoneSimulator
		{837991B0-4B81-4E7B-9CF8-622EEED3960F}.Release|Any CPU.Build.0 = Release|iPhoneSimulator
		{837991B0-4B81-4E7B-9CF8-622EEED3960F}.Debug|iPhoneSimulator.ActiveCfg = Debug|iPhoneSimulator
		{837991B0-4B81-4E7B-9CF8-622EEED3960F}.Debug|iPhoneSimulator.Build.0 = Debug|iPhoneSimulator
		{837991B0-4B81-4E7B-9CF8-622EEED3960F}.Release|iPhoneSimulator.ActiveCfg = Release|iPhoneSimulator
		{837991B0-4B81-4E7B-9CF8-622EEED3960F}.Release|iPhoneSimulator.Build.0 = Release|iPhoneSimulator
		{837991B0-4B81-4E7B-9CF8-622EEED3960F}.Debug|iPhone.ActiveCfg = Debug|iPhone
		{837991B0-4B81-4E7B-9CF8-622EEED3960F}.Debug|iPhone.Build.0 = Debug|iPhone
		{837991B0-4B81-4E7B-9CF8-622EEED3960F}.Release|iPhone.ActiveCfg = Release|iPhone
		{837991B0-4B81-4E7B-9CF8-622EEED3960F}.Release|iPhone.Build.0 = Release|iPhone
		{D5E2697D-C3CD-4EB4-96AD-D4B1D164C0DC}.Debug|Any CPU.ActiveCfg = Debug|Any CPU
		{D5E2697D-C3CD-4EB4-96AD-D4B1D164C0DC}.Debug|Any CPU.Build.0 = Debug|Any CPU
		{D5E2697D-C3CD-4EB4-96AD-D4B1D164C0DC}.Release|Any CPU.ActiveCfg = Release|Any CPU
		{D5E2697D-C3CD-4EB4-96AD-D4B1D164C0DC}.Release|Any CPU.Build.0 = Release|Any CPU
		{D5E2697D-C3CD-4EB4-96AD-D4B1D164C0DC}.Debug|iPhoneSimulator.ActiveCfg = Debug|Any CPU
		{D5E2697D-C3CD-4EB4-96AD-D4B1D164C0DC}.Debug|iPhoneSimulator.Build.0 = Debug|Any CPU
		{D5E2697D-C3CD-4EB4-96AD-D4B1D164C0DC}.Release|iPhoneSimulator.ActiveCfg = Release|Any CPU
		{D5E2697D-C3CD-4EB4-96AD-D4B1D164C0DC}.Release|iPhoneSimulator.Build.0 = Release|Any CPU
		{D5E2697D-C3CD-4EB4-96AD-D4B1D164C0DC}.Debug|iPhone.ActiveCfg = Debug|Any CPU
		{D5E2697D-C3CD-4EB4-96AD-D4B1D164C0DC}.Debug|iPhone.Build.0 = Debug|Any CPU
		{D5E2697D-C3CD-4EB4-96AD-D4B1D164C0DC}.Release|iPhone.ActiveCfg = Release|Any CPU
		{D5E2697D-C3CD-4EB4-96AD-D4B1D164C0DC}.Release|iPhone.Build.0 = Release|Any CPU
	EndGlobalSection
EndGlobal
