
Microsoft Visual Studio Solution File, Format Version 12.00
# Visual Studio 2013
VisualStudioVersion = 12.0.40629.0
MinimumVisualStudioVersion = 10.0.40219.1
Project("{FAE04EC0-301F-11D3-BF4B-00C04F79EFBC}") = "Commanding", "Commanding\Commanding.csproj", "{15704BE5-7D08-4FAB-9F3E-4E26220CC50F}"
EndProject
Project("{FAE04EC0-301F-11D3-BF4B-00C04F79EFBC}") = "Commanding.iOS", "iOS\Commanding.iOS.csproj", "{86655A0E-524F-48D6-9D47-98F95907DFAC}"
EndProject
Project("{FAE04EC0-301F-11D3-BF4B-00C04F79EFBC}") = "Commanding.Droid", "Droid\Commanding.Droid.csproj", "{4482376F-752C-4F1C-A2EB-1289E778B334}"
EndProject
Project("{FAE04EC0-301F-11D3-BF4B-00C04F79EFBC}") = "Commanding.WinPhone81", "Commanding.WinPhone81\Commanding.WinPhone81.csproj", "{00622828-B1B1-40E1-9066-935DCB0BE1BC}"
EndProject
Global
	GlobalSection(SolutionConfigurationPlatforms) = preSolution
		Debug|Any CPU = Debug|Any CPU
		Debug|ARM = Debug|ARM
		Debug|iPhone = Debug|iPhone
		Debug|iPhoneSimulator = Debug|iPhoneSimulator
		Debug|Mixed Platforms = Debug|Mixed Platforms
		Debug|x86 = Debug|x86
		Release|Any CPU = Release|Any CPU
		Release|ARM = Release|ARM
		Release|iPhone = Release|iPhone
		Release|iPhoneSimulator = Release|iPhoneSimulator
		Release|Mixed Platforms = Release|Mixed Platforms
		Release|x86 = Release|x86
	EndGlobalSection
	GlobalSection(ProjectConfigurationPlatforms) = postSolution
		{15704BE5-7D08-4FAB-9F3E-4E26220CC50F}.Debug|Any CPU.ActiveCfg = Debug|Any CPU
		{15704BE5-7D08-4FAB-9F3E-4E26220CC50F}.Debug|Any CPU.Build.0 = Debug|Any CPU
		{15704BE5-7D08-4FAB-9F3E-4E26220CC50F}.Debug|ARM.ActiveCfg = Debug|Any CPU
		{15704BE5-7D08-4FAB-9F3E-4E26220CC50F}.Debug|iPhone.ActiveCfg = Debug|Any CPU
		{15704BE5-7D08-4FAB-9F3E-4E26220CC50F}.Debug|iPhone.Build.0 = Debug|Any CPU
		{15704BE5-7D08-4FAB-9F3E-4E26220CC50F}.Debug|iPhoneSimulator.ActiveCfg = Debug|Any CPU
		{15704BE5-7D08-4FAB-9F3E-4E26220CC50F}.Debug|iPhoneSimulator.Build.0 = Debug|Any CPU
		{15704BE5-7D08-4FAB-9F3E-4E26220CC50F}.Debug|Mixed Platforms.ActiveCfg = Debug|Any CPU
		{15704BE5-7D08-4FAB-9F3E-4E26220CC50F}.Debug|Mixed Platforms.Build.0 = Debug|Any CPU
		{15704BE5-7D08-4FAB-9F3E-4E26220CC50F}.Debug|x86.ActiveCfg = Debug|Any CPU
		{15704BE5-7D08-4FAB-9F3E-4E26220CC50F}.Release|Any CPU.ActiveCfg = Release|Any CPU
		{15704BE5-7D08-4FAB-9F3E-4E26220CC50F}.Release|Any CPU.Build.0 = Release|Any CPU
		{15704BE5-7D08-4FAB-9F3E-4E26220CC50F}.Release|ARM.ActiveCfg = Release|Any CPU
		{15704BE5-7D08-4FAB-9F3E-4E26220CC50F}.Release|iPhone.ActiveCfg = Release|Any CPU
		{15704BE5-7D08-4FAB-9F3E-4E26220CC50F}.Release|iPhone.Build.0 = Release|Any CPU
		{15704BE5-7D08-4FAB-9F3E-4E26220CC50F}.Release|iPhoneSimulator.ActiveCfg = Release|Any CPU
		{15704BE5-7D08-4FAB-9F3E-4E26220CC50F}.Release|iPhoneSimulator.Build.0 = Release|Any CPU
		{15704BE5-7D08-4FAB-9F3E-4E26220CC50F}.Release|Mixed Platforms.ActiveCfg = Release|Any CPU
		{15704BE5-7D08-4FAB-9F3E-4E26220CC50F}.Release|Mixed Platforms.Build.0 = Release|Any CPU
		{15704BE5-7D08-4FAB-9F3E-4E26220CC50F}.Release|x86.ActiveCfg = Release|Any CPU
		{86655A0E-524F-48D6-9D47-98F95907DFAC}.Debug|Any CPU.ActiveCfg = Debug|iPhoneSimulator
		{86655A0E-524F-48D6-9D47-98F95907DFAC}.Debug|Any CPU.Build.0 = Debug|iPhoneSimulator
		{86655A0E-524F-48D6-9D47-98F95907DFAC}.Debug|ARM.ActiveCfg = Debug|iPhone
		{86655A0E-524F-48D6-9D47-98F95907DFAC}.Debug|iPhone.ActiveCfg = Debug|iPhone
		{86655A0E-524F-48D6-9D47-98F95907DFAC}.Debug|iPhone.Build.0 = Debug|iPhone
		{86655A0E-524F-48D6-9D47-98F95907DFAC}.Debug|iPhoneSimulator.ActiveCfg = Debug|iPhoneSimulator
		{86655A0E-524F-48D6-9D47-98F95907DFAC}.Debug|iPhoneSimulator.Build.0 = Debug|iPhoneSimulator
		{86655A0E-524F-48D6-9D47-98F95907DFAC}.Debug|Mixed Platforms.ActiveCfg = Debug|iPhone
		{86655A0E-524F-48D6-9D47-98F95907DFAC}.Debug|Mixed Platforms.Build.0 = Debug|iPhone
		{86655A0E-524F-48D6-9D47-98F95907DFAC}.Debug|x86.ActiveCfg = Debug|iPhone
		{86655A0E-524F-48D6-9D47-98F95907DFAC}.Release|Any CPU.ActiveCfg = Release|iPhone
		{86655A0E-524F-48D6-9D47-98F95907DFAC}.Release|Any CPU.Build.0 = Release|iPhone
		{86655A0E-524F-48D6-9D47-98F95907DFAC}.Release|ARM.ActiveCfg = Release|iPhoneSimulator
		{86655A0E-524F-48D6-9D47-98F95907DFAC}.Release|iPhone.ActiveCfg = Release|iPhone
		{86655A0E-524F-48D6-9D47-98F95907DFAC}.Release|iPhone.Build.0 = Release|iPhone
		{86655A0E-524F-48D6-9D47-98F95907DFAC}.Release|iPhoneSimulator.ActiveCfg = Release|iPhoneSimulator
		{86655A0E-524F-48D6-9D47-98F95907DFAC}.Release|iPhoneSimulator.Build.0 = Release|iPhoneSimulator
		{86655A0E-524F-48D6-9D47-98F95907DFAC}.Release|Mixed Platforms.ActiveCfg = Release|iPhoneSimulator
		{86655A0E-524F-48D6-9D47-98F95907DFAC}.Release|Mixed Platforms.Build.0 = Release|iPhoneSimulator
		{86655A0E-524F-48D6-9D47-98F95907DFAC}.Release|x86.ActiveCfg = Release|iPhoneSimulator
		{4482376F-752C-4F1C-A2EB-1289E778B334}.Debug|Any CPU.ActiveCfg = Debug|Any CPU
		{4482376F-752C-4F1C-A2EB-1289E778B334}.Debug|Any CPU.Build.0 = Debug|Any CPU
		{4482376F-752C-4F1C-A2EB-1289E778B334}.Debug|ARM.ActiveCfg = Debug|Any CPU
		{4482376F-752C-4F1C-A2EB-1289E778B334}.Debug|iPhone.ActiveCfg = Debug|Any CPU
		{4482376F-752C-4F1C-A2EB-1289E778B334}.Debug|iPhone.Build.0 = Debug|Any CPU
		{4482376F-752C-4F1C-A2EB-1289E778B334}.Debug|iPhoneSimulator.ActiveCfg = Debug|Any CPU
		{4482376F-752C-4F1C-A2EB-1289E778B334}.Debug|iPhoneSimulator.Build.0 = Debug|Any CPU
		{4482376F-752C-4F1C-A2EB-1289E778B334}.Debug|Mixed Platforms.ActiveCfg = Debug|Any CPU
		{4482376F-752C-4F1C-A2EB-1289E778B334}.Debug|Mixed Platforms.Build.0 = Debug|Any CPU
		{4482376F-752C-4F1C-A2EB-1289E778B334}.Debug|Mixed Platforms.Deploy.0 = Debug|Any CPU
		{4482376F-752C-4F1C-A2EB-1289E778B334}.Debug|x86.ActiveCfg = Debug|Any CPU
		{4482376F-752C-4F1C-A2EB-1289E778B334}.Release|Any CPU.ActiveCfg = Release|Any CPU
		{4482376F-752C-4F1C-A2EB-1289E778B334}.Release|Any CPU.Build.0 = Release|Any CPU
		{4482376F-752C-4F1C-A2EB-1289E778B334}.Release|ARM.ActiveCfg = Release|Any CPU
		{4482376F-752C-4F1C-A2EB-1289E778B334}.Release|iPhone.ActiveCfg = Release|Any CPU
		{4482376F-752C-4F1C-A2EB-1289E778B334}.Release|iPhone.Build.0 = Release|Any CPU
		{4482376F-752C-4F1C-A2EB-1289E778B334}.Release|iPhoneSimulator.ActiveCfg = Release|Any CPU
		{4482376F-752C-4F1C-A2EB-1289E778B334}.Release|iPhoneSimulator.Build.0 = Release|Any CPU
		{4482376F-752C-4F1C-A2EB-1289E778B334}.Release|Mixed Platforms.ActiveCfg = Release|Any CPU
		{4482376F-752C-4F1C-A2EB-1289E778B334}.Release|Mixed Platforms.Build.0 = Release|Any CPU
		{4482376F-752C-4F1C-A2EB-1289E778B334}.Release|Mixed Platforms.Deploy.0 = Release|Any CPU
		{4482376F-752C-4F1C-A2EB-1289E778B334}.Release|x86.ActiveCfg = Release|Any CPU
		{00622828-B1B1-40E1-9066-935DCB0BE1BC}.Debug|Any CPU.ActiveCfg = Debug|Any CPU
		{00622828-B1B1-40E1-9066-935DCB0BE1BC}.Debug|Any CPU.Build.0 = Debug|Any CPU
		{00622828-B1B1-40E1-9066-935DCB0BE1BC}.Debug|Any CPU.Deploy.0 = Debug|Any CPU
		{00622828-B1B1-40E1-9066-935DCB0BE1BC}.Debug|ARM.ActiveCfg = Debug|ARM
		{00622828-B1B1-40E1-9066-935DCB0BE1BC}.Debug|ARM.Build.0 = Debug|ARM
		{00622828-B1B1-40E1-9066-935DCB0BE1BC}.Debug|ARM.Deploy.0 = Debug|ARM
		{00622828-B1B1-40E1-9066-935DCB0BE1BC}.Debug|iPhone.ActiveCfg = Debug|Any CPU
		{00622828-B1B1-40E1-9066-935DCB0BE1BC}.Debug|iPhoneSimulator.ActiveCfg = Debug|Any CPU
		{00622828-B1B1-40E1-9066-935DCB0BE1BC}.Debug|Mixed Platforms.ActiveCfg = Debug|x86
		{00622828-B1B1-40E1-9066-935DCB0BE1BC}.Debug|Mixed Platforms.Build.0 = Debug|x86
		{00622828-B1B1-40E1-9066-935DCB0BE1BC}.Debug|Mixed Platforms.Deploy.0 = Debug|x86
		{00622828-B1B1-40E1-9066-935DCB0BE1BC}.Debug|x86.ActiveCfg = Debug|x86
		{00622828-B1B1-40E1-9066-935DCB0BE1BC}.Debug|x86.Build.0 = Debug|x86
		{00622828-B1B1-40E1-9066-935DCB0BE1BC}.Debug|x86.Deploy.0 = Debug|x86
		{00622828-B1B1-40E1-9066-935DCB0BE1BC}.Release|Any CPU.ActiveCfg = Release|Any CPU
		{00622828-B1B1-40E1-9066-935DCB0BE1BC}.Release|Any CPU.Build.0 = Release|Any CPU
		{00622828-B1B1-40E1-9066-935DCB0BE1BC}.Release|Any CPU.Deploy.0 = Release|Any CPU
		{00622828-B1B1-40E1-9066-935DCB0BE1BC}.Release|ARM.ActiveCfg = Release|ARM
		{00622828-B1B1-40E1-9066-935DCB0BE1BC}.Release|ARM.Build.0 = Release|ARM
		{00622828-B1B1-40E1-9066-935DCB0BE1BC}.Release|ARM.Deploy.0 = Release|ARM
		{00622828-B1B1-40E1-9066-935DCB0BE1BC}.Release|iPhone.ActiveCfg = Release|Any CPU
		{00622828-B1B1-40E1-9066-935DCB0BE1BC}.Release|iPhoneSimulator.ActiveCfg = Release|Any CPU
		{00622828-B1B1-40E1-9066-935DCB0BE1BC}.Release|Mixed Platforms.ActiveCfg = Release|x86
		{00622828-B1B1-40E1-9066-935DCB0BE1BC}.Release|Mixed Platforms.Build.0 = Release|x86
		{00622828-B1B1-40E1-9066-935DCB0BE1BC}.Release|Mixed Platforms.Deploy.0 = Release|x86
		{00622828-B1B1-40E1-9066-935DCB0BE1BC}.Release|x86.ActiveCfg = Release|x86
		{00622828-B1B1-40E1-9066-935DCB0BE1BC}.Release|x86.Build.0 = Release|x86
		{00622828-B1B1-40E1-9066-935DCB0BE1BC}.Release|x86.Deploy.0 = Release|x86
	EndGlobalSection
	GlobalSection(SolutionProperties) = preSolution
		HideSolutionNode = FALSE
	EndGlobalSection
EndGlobal
