Microsoft Visual Studio Solution File, Format Version 12.00
# Visual Studio Version 16
VisualStudioVersion = 16.0.29920.165
MinimumVisualStudioVersion = 10.0.40219.1
Project("{FAE04EC0-301F-11D3-BF4B-00C04F79EFBC}") = "WebAuthenticatorDemo.Android", "WebAuthenticatorDemo.Android\WebAuthenticatorDemo.Android.csproj", "{9401DC5F-45D2-4400-ACEE-EB98FF1FFBF6}"
EndProject
Project("{FAE04EC0-301F-11D3-BF4B-00C04F79EFBC}") = "WebAuthenticatorDemo.iOS", "WebAuthenticatorDemo.iOS\WebAuthenticatorDemo.iOS.csproj", "{BC17E035-FB0D-42DB-919B-F3FFAD9A64D7}"
EndProject
Project("{9A19103F-16F7-4668-BE54-9A1E7A4F7556}") = "WebAuthenticatorDemo", "WebAuthenticatorDemo\WebAuthenticatorDemo.csproj", "{94374845-43B2-48A0-8D52-A75777EBE9B8}"
EndProject
Project("{FAE04EC0-301F-11D3-BF4B-00C04F79EFBC}") = "WebAuthenticatorDemo.UWP", "WebAuthenticatorDemo.UWP\WebAuthenticatorDemo.UWP.csproj", "{870B2F87-16BA-46C8-B063-5679A5A3C4EF}"
EndProject
Global
	GlobalSection(SolutionConfigurationPlatforms) = preSolution
		Debug|Any CPU = Debug|Any CPU
		Debug|ARM = Debug|ARM
		Debug|ARM64 = Debug|ARM64
		Debug|iPhone = Debug|iPhone
		Debug|iPhoneSimulator = Debug|iPhoneSimulator
		Debug|x64 = Debug|x64
		Debug|x86 = Debug|x86
		Release|Any CPU = Release|Any CPU
		Release|ARM = Release|ARM
		Release|ARM64 = Release|ARM64
		Release|iPhone = Release|iPhone
		Release|iPhoneSimulator = Release|iPhoneSimulator
		Release|x64 = Release|x64
		Release|x86 = Release|x86
	EndGlobalSection
	GlobalSection(ProjectConfigurationPlatforms) = postSolution
		{9401DC5F-45D2-4400-ACEE-EB98FF1FFBF6}.Debug|Any CPU.ActiveCfg = Debug|Any CPU
		{9401DC5F-45D2-4400-ACEE-EB98FF1FFBF6}.Debug|Any CPU.Build.0 = Debug|Any CPU
		{9401DC5F-45D2-4400-ACEE-EB98FF1FFBF6}.Debug|ARM.ActiveCfg = Debug|Any CPU
		{9401DC5F-45D2-4400-ACEE-EB98FF1FFBF6}.Debug|ARM.Build.0 = Debug|Any CPU
		{9401DC5F-45D2-4400-ACEE-EB98FF1FFBF6}.Debug|ARM.Deploy.0 = Debug|Any CPU
		{9401DC5F-45D2-4400-ACEE-EB98FF1FFBF6}.Debug|ARM64.ActiveCfg = Debug|Any CPU
		{9401DC5F-45D2-4400-ACEE-EB98FF1FFBF6}.Debug|ARM64.Build.0 = Debug|Any CPU
		{9401DC5F-45D2-4400-ACEE-EB98FF1FFBF6}.Debug|ARM64.Deploy.0 = Debug|Any CPU
		{9401DC5F-45D2-4400-ACEE-EB98FF1FFBF6}.Debug|iPhone.ActiveCfg = Debug|Any CPU
		{9401DC5F-45D2-4400-ACEE-EB98FF1FFBF6}.Debug|iPhone.Build.0 = Debug|Any CPU
		{9401DC5F-45D2-4400-ACEE-EB98FF1FFBF6}.Debug|iPhoneSimulator.ActiveCfg = Debug|Any CPU
		{9401DC5F-45D2-4400-ACEE-EB98FF1FFBF6}.Debug|iPhoneSimulator.Build.0 = Debug|Any CPU
		{9401DC5F-45D2-4400-ACEE-EB98FF1FFBF6}.Debug|x64.ActiveCfg = Debug|Any CPU
		{9401DC5F-45D2-4400-ACEE-EB98FF1FFBF6}.Debug|x64.Build.0 = Debug|Any CPU
		{9401DC5F-45D2-4400-ACEE-EB98FF1FFBF6}.Debug|x64.Deploy.0 = Debug|Any CPU
		{9401DC5F-45D2-4400-ACEE-EB98FF1FFBF6}.Debug|x86.ActiveCfg = Debug|Any CPU
		{9401DC5F-45D2-4400-ACEE-EB98FF1FFBF6}.Debug|x86.Build.0 = Debug|Any CPU
		{9401DC5F-45D2-4400-ACEE-EB98FF1FFBF6}.Debug|x86.Deploy.0 = Debug|Any CPU
		{9401DC5F-45D2-4400-ACEE-EB98FF1FFBF6}.Release|Any CPU.ActiveCfg = Release|Any CPU
		{9401DC5F-45D2-4400-ACEE-EB98FF1FFBF6}.Release|Any CPU.Build.0 = Release|Any CPU
		{9401DC5F-45D2-4400-ACEE-EB98FF1FFBF6}.Release|ARM.ActiveCfg = Release|Any CPU
		{9401DC5F-45D2-4400-ACEE-EB98FF1FFBF6}.Release|ARM.Build.0 = Release|Any CPU
		{9401DC5F-45D2-4400-ACEE-EB98FF1FFBF6}.Release|ARM.Deploy.0 = Release|Any CPU
		{9401DC5F-45D2-4400-ACEE-EB98FF1FFBF6}.Release|ARM64.ActiveCfg = Release|Any CPU
		{9401DC5F-45D2-4400-ACEE-EB98FF1FFBF6}.Release|ARM64.Build.0 = Release|Any CPU
		{9401DC5F-45D2-4400-ACEE-EB98FF1FFBF6}.Release|ARM64.Deploy.0 = Release|Any CPU
		{9401DC5F-45D2-4400-ACEE-EB98FF1FFBF6}.Release|iPhone.ActiveCfg = Release|Any CPU
		{9401DC5F-45D2-4400-ACEE-EB98FF1FFBF6}.Release|iPhone.Build.0 = Release|Any CPU
		{9401DC5F-45D2-4400-ACEE-EB98FF1FFBF6}.Release|iPhoneSimulator.ActiveCfg = Release|Any CPU
		{9401DC5F-45D2-4400-ACEE-EB98FF1FFBF6}.Release|iPhoneSimulator.Build.0 = Release|Any CPU
		{9401DC5F-45D2-4400-ACEE-EB98FF1FFBF6}.Release|x64.ActiveCfg = Release|Any CPU
		{9401DC5F-45D2-4400-ACEE-EB98FF1FFBF6}.Release|x64.Build.0 = Release|Any CPU
		{9401DC5F-45D2-4400-ACEE-EB98FF1FFBF6}.Release|x64.Deploy.0 = Release|Any CPU
		{9401DC5F-45D2-4400-ACEE-EB98FF1FFBF6}.Release|x86.ActiveCfg = Release|Any CPU
		{9401DC5F-45D2-4400-ACEE-EB98FF1FFBF6}.Release|x86.Build.0 = Release|Any CPU
		{9401DC5F-45D2-4400-ACEE-EB98FF1FFBF6}.Release|x86.Deploy.0 = Release|Any CPU
		{BC17E035-FB0D-42DB-919B-F3FFAD9A64D7}.Debug|Any CPU.ActiveCfg = Debug|iPhoneSimulator
		{BC17E035-FB0D-42DB-919B-F3FFAD9A64D7}.Debug|Any CPU.Build.0 = Debug|iPhoneSimulator
		{BC17E035-FB0D-42DB-919B-F3FFAD9A64D7}.Debug|ARM.ActiveCfg = Debug|iPhone
		{BC17E035-FB0D-42DB-919B-F3FFAD9A64D7}.Debug|ARM64.ActiveCfg = Debug|iPhone
		{BC17E035-FB0D-42DB-919B-F3FFAD9A64D7}.Debug|iPhone.ActiveCfg = Debug|iPhone
		{BC17E035-FB0D-42DB-919B-F3FFAD9A64D7}.Debug|iPhone.Build.0 = Debug|iPhone
		{BC17E035-FB0D-42DB-919B-F3FFAD9A64D7}.Debug|iPhoneSimulator.ActiveCfg = Debug|iPhoneSimulator
		{BC17E035-FB0D-42DB-919B-F3FFAD9A64D7}.Debug|iPhoneSimulator.Build.0 = Debug|iPhoneSimulator
		{BC17E035-FB0D-42DB-919B-F3FFAD9A64D7}.Debug|x64.ActiveCfg = Debug|iPhone
		{BC17E035-FB0D-42DB-919B-F3FFAD9A64D7}.Debug|x86.ActiveCfg = Debug|iPhone
		{BC17E035-FB0D-42DB-919B-F3FFAD9A64D7}.Release|Any CPU.ActiveCfg = Release|iPhoneSimulator
		{BC17E035-FB0D-42DB-919B-F3FFAD9A64D7}.Release|Any CPU.Build.0 = Release|iPhoneSimulator
		{BC17E035-FB0D-42DB-919B-F3FFAD9A64D7}.Release|ARM.ActiveCfg = Release|iPhone
		{BC17E035-FB0D-42DB-919B-F3FFAD9A64D7}.Release|ARM64.ActiveCfg = Release|iPhone
		{BC17E035-FB0D-42DB-919B-F3FFAD9A64D7}.Release|iPhone.ActiveCfg = Release|iPhone
		{BC17E035-FB0D-42DB-919B-F3FFAD9A64D7}.Release|iPhone.Build.0 = Release|iPhone
		{BC17E035-FB0D-42DB-919B-F3FFAD9A64D7}.Release|iPhoneSimulator.ActiveCfg = Release|iPhoneSimulator
		{BC17E035-FB0D-42DB-919B-F3FFAD9A64D7}.Release|iPhoneSimulator.Build.0 = Release|iPhoneSimulator
		{BC17E035-FB0D-42DB-919B-F3FFAD9A64D7}.Release|x64.ActiveCfg = Release|iPhone
		{BC17E035-FB0D-42DB-919B-F3FFAD9A64D7}.Release|x86.ActiveCfg = Release|iPhone
		{94374845-43B2-48A0-8D52-A75777EBE9B8}.Debug|Any CPU.ActiveCfg = Debug|Any CPU
		{94374845-43B2-48A0-8D52-A75777EBE9B8}.Debug|Any CPU.Build.0 = Debug|Any CPU
		{94374845-43B2-48A0-8D52-A75777EBE9B8}.Debug|ARM.ActiveCfg = Debug|Any CPU
		{94374845-43B2-48A0-8D52-A75777EBE9B8}.Debug|ARM.Build.0 = Debug|Any CPU
		{94374845-43B2-48A0-8D52-A75777EBE9B8}.Debug|ARM64.ActiveCfg = Debug|Any CPU
		{94374845-43B2-48A0-8D52-A75777EBE9B8}.Debug|ARM64.Build.0 = Debug|Any CPU
		{94374845-43B2-48A0-8D52-A75777EBE9B8}.Debug|iPhone.ActiveCfg = Debug|Any CPU
		{94374845-43B2-48A0-8D52-A75777EBE9B8}.Debug|iPhone.Build.0 = Debug|Any CPU
		{94374845-43B2-48A0-8D52-A75777EBE9B8}.Debug|iPhoneSimulator.ActiveCfg = Debug|Any CPU
		{94374845-43B2-48A0-8D52-A75777EBE9B8}.Debug|iPhoneSimulator.Build.0 = Debug|Any CPU
		{94374845-43B2-48A0-8D52-A75777EBE9B8}.Debug|x64.ActiveCfg = Debug|Any CPU
		{94374845-43B2-48A0-8D52-A75777EBE9B8}.Debug|x64.Build.0 = Debug|Any CPU
		{94374845-43B2-48A0-8D52-A75777EBE9B8}.Debug|x86.ActiveCfg = Debug|Any CPU
		{94374845-43B2-48A0-8D52-A75777EBE9B8}.Debug|x86.Build.0 = Debug|Any CPU
		{94374845-43B2-48A0-8D52-A75777EBE9B8}.Release|Any CPU.ActiveCfg = Release|Any CPU
		{94374845-43B2-48A0-8D52-A75777EBE9B8}.Release|Any CPU.Build.0 = Release|Any CPU
		{94374845-43B2-48A0-8D52-A75777EBE9B8}.Release|ARM.ActiveCfg = Release|Any CPU
		{94374845-43B2-48A0-8D52-A75777EBE9B8}.Release|ARM.Build.0 = Release|Any CPU
		{94374845-43B2-48A0-8D52-A75777EBE9B8}.Release|ARM64.ActiveCfg = Release|Any CPU
		{94374845-43B2-48A0-8D52-A75777EBE9B8}.Release|ARM64.Build.0 = Release|Any CPU
		{94374845-43B2-48A0-8D52-A75777EBE9B8}.Release|iPhone.ActiveCfg = Release|Any CPU
		{94374845-43B2-48A0-8D52-A75777EBE9B8}.Release|iPhone.Build.0 = Release|Any CPU
		{94374845-43B2-48A0-8D52-A75777EBE9B8}.Release|iPhoneSimulator.ActiveCfg = Release|Any CPU
		{94374845-43B2-48A0-8D52-A75777EBE9B8}.Release|iPhoneSimulator.Build.0 = Release|Any CPU
		{94374845-43B2-48A0-8D52-A75777EBE9B8}.Release|x64.ActiveCfg = Release|Any CPU
		{94374845-43B2-48A0-8D52-A75777EBE9B8}.Release|x64.Build.0 = Release|Any CPU
		{94374845-43B2-48A0-8D52-A75777EBE9B8}.Release|x86.ActiveCfg = Release|Any CPU
		{94374845-43B2-48A0-8D52-A75777EBE9B8}.Release|x86.Build.0 = Release|Any CPU
		{870B2F87-16BA-46C8-B063-5679A5A3C4EF}.Debug|Any CPU.ActiveCfg = Debug|x86
		{870B2F87-16BA-46C8-B063-5679A5A3C4EF}.Debug|ARM.ActiveCfg = Debug|ARM
		{870B2F87-16BA-46C8-B063-5679A5A3C4EF}.Debug|ARM.Build.0 = Debug|ARM
		{870B2F87-16BA-46C8-B063-5679A5A3C4EF}.Debug|ARM.Deploy.0 = Debug|ARM
		{870B2F87-16BA-46C8-B063-5679A5A3C4EF}.Debug|ARM64.ActiveCfg = Debug|ARM64
		{870B2F87-16BA-46C8-B063-5679A5A3C4EF}.Debug|ARM64.Build.0 = Debug|ARM64
		{870B2F87-16BA-46C8-B063-5679A5A3C4EF}.Debug|ARM64.Deploy.0 = Debug|ARM64
		{870B2F87-16BA-46C8-B063-5679A5A3C4EF}.Debug|iPhone.ActiveCfg = Debug|x86
		{870B2F87-16BA-46C8-B063-5679A5A3C4EF}.Debug|iPhoneSimulator.ActiveCfg = Debug|x86
		{870B2F87-16BA-46C8-B063-5679A5A3C4EF}.Debug|x64.ActiveCfg = Debug|x64
		{870B2F87-16BA-46C8-B063-5679A5A3C4EF}.Debug|x64.Build.0 = Debug|x64
		{870B2F87-16BA-46C8-B063-5679A5A3C4EF}.Debug|x64.Deploy.0 = Debug|x64
		{870B2F87-16BA-46C8-B063-5679A5A3C4EF}.Debug|x86.ActiveCfg = Debug|x86
		{870B2F87-16BA-46C8-B063-5679A5A3C4EF}.Debug|x86.Build.0 = Debug|x86
		{870B2F87-16BA-46C8-B063-5679A5A3C4EF}.Debug|x86.Deploy.0 = Debug|x86
		{870B2F87-16BA-46C8-B063-5679A5A3C4EF}.Release|Any CPU.ActiveCfg = Release|x86
		{870B2F87-16BA-46C8-B063-5679A5A3C4EF}.Release|ARM.ActiveCfg = Release|ARM
		{870B2F87-16BA-46C8-B063-5679A5A3C4EF}.Release|ARM.Build.0 = Release|ARM
		{870B2F87-16BA-46C8-B063-5679A5A3C4EF}.Release|ARM.Deploy.0 = Release|ARM
		{870B2F87-16BA-46C8-B063-5679A5A3C4EF}.Release|ARM64.ActiveCfg = Release|ARM64
		{870B2F87-16BA-46C8-B063-5679A5A3C4EF}.Release|ARM64.Build.0 = Release|ARM64
		{870B2F87-16BA-46C8-B063-5679A5A3C4EF}.Release|ARM64.Deploy.0 = Release|ARM64
		{870B2F87-16BA-46C8-B063-5679A5A3C4EF}.Release|iPhone.ActiveCfg = Release|x86
		{870B2F87-16BA-46C8-B063-5679A5A3C4EF}.Release|iPhoneSimulator.ActiveCfg = Release|x86
		{870B2F87-16BA-46C8-B063-5679A5A3C4EF}.Release|x64.ActiveCfg = Release|x64
		{870B2F87-16BA-46C8-B063-5679A5A3C4EF}.Release|x64.Build.0 = Release|x64
		{870B2F87-16BA-46C8-B063-5679A5A3C4EF}.Release|x64.Deploy.0 = Release|x64
		{870B2F87-16BA-46C8-B063-5679A5A3C4EF}.Release|x86.ActiveCfg = Release|x86
		{870B2F87-16BA-46C8-B063-5679A5A3C4EF}.Release|x86.Build.0 = Release|x86
		{870B2F87-16BA-46C8-B063-5679A5A3C4EF}.Release|x86.Deploy.0 = Release|x86
	EndGlobalSection
	GlobalSection(SolutionProperties) = preSolution
		HideSolutionNode = FALSE
	EndGlobalSection
	GlobalSection(ExtensibilityGlobals) = postSolution
		SolutionGuid = {4FB6B3B2-B5FB-45FE-9874-DB82D94BB954}
	EndGlobalSection
EndGlobal
