
Microsoft Visual Studio Solution File, Format Version 12.00
# Visual Studio 2012
Project("{FAE04EC0-301F-11D3-BF4B-00C04F79EFBC}") = "CompiledBindings", "CompiledBindings\CompiledBindings.csproj", "{210A6D14-A390-4F84-9410-E13AB1F54227}"
EndProject
Project("{FAE04EC0-301F-11D3-BF4B-00C04F79EFBC}") = "CompiledBindings.iOS", "iOS\CompiledBindings.iOS.csproj", "{9002B72F-51C5-4D40-B552-058F12C44C56}"
EndProject
Project("{FAE04EC0-301F-11D3-BF4B-00C04F79EFBC}") = "CompiledBindings.Droid", "Droid\CompiledBindings.Droid.csproj", "{D9A2D46A-6CF2-47D6-9F1A-1200E8295B1F}"
EndProject
Global
	GlobalSection(SolutionConfigurationPlatforms) = preSolution
		Debug|Any CPU = Debug|Any CPU
		Release|Any CPU = Release|Any CPU
		Debug|iPhoneSimulator = Debug|iPhoneSimulator
		Release|iPhone = Release|iPhone
		Release|iPhoneSimulator = Release|iPhoneSimulator
		Debug|iPhone = Debug|iPhone
	EndGlobalSection
	GlobalSection(ProjectConfigurationPlatforms) = postSolution
		{210A6D14-A390-4F84-9410-E13AB1F54227}.Debug|Any CPU.ActiveCfg = Debug|Any CPU
		{210A6D14-A390-4F84-9410-E13AB1F54227}.Debug|Any CPU.Build.0 = Debug|Any CPU
		{210A6D14-A390-4F84-9410-E13AB1F54227}.Release|Any CPU.ActiveCfg = Release|Any CPU
		{210A6D14-A390-4F84-9410-E13AB1F54227}.Release|Any CPU.Build.0 = Release|Any CPU
		{210A6D14-A390-4F84-9410-E13AB1F54227}.Debug|iPhoneSimulator.ActiveCfg = Debug|Any CPU
		{210A6D14-A390-4F84-9410-E13AB1F54227}.Debug|iPhoneSimulator.Build.0 = Debug|Any CPU
		{210A6D14-A390-4F84-9410-E13AB1F54227}.Release|iPhone.ActiveCfg = Release|Any CPU
		{210A6D14-A390-4F84-9410-E13AB1F54227}.Release|iPhone.Build.0 = Release|Any CPU
		{210A6D14-A390-4F84-9410-E13AB1F54227}.Release|iPhoneSimulator.ActiveCfg = Release|Any CPU
		{210A6D14-A390-4F84-9410-E13AB1F54227}.Release|iPhoneSimulator.Build.0 = Release|Any CPU
		{210A6D14-A390-4F84-9410-E13AB1F54227}.Debug|iPhone.ActiveCfg = Debug|Any CPU
		{210A6D14-A390-4F84-9410-E13AB1F54227}.Debug|iPhone.Build.0 = Debug|Any CPU
		{9002B72F-51C5-4D40-B552-058F12C44C56}.Debug|Any CPU.ActiveCfg = Debug|iPhoneSimulator
		{9002B72F-51C5-4D40-B552-058F12C44C56}.Debug|Any CPU.Build.0 = Debug|iPhoneSimulator
		{9002B72F-51C5-4D40-B552-058F12C44C56}.Release|Any CPU.ActiveCfg = Release|iPhone
		{9002B72F-51C5-4D40-B552-058F12C44C56}.Release|Any CPU.Build.0 = Release|iPhone
		{9002B72F-51C5-4D40-B552-058F12C44C56}.Debug|iPhoneSimulator.ActiveCfg = Debug|iPhoneSimulator
		{9002B72F-51C5-4D40-B552-058F12C44C56}.Debug|iPhoneSimulator.Build.0 = Debug|iPhoneSimulator
		{9002B72F-51C5-4D40-B552-058F12C44C56}.Release|iPhone.ActiveCfg = Release|iPhone
		{9002B72F-51C5-4D40-B552-058F12C44C56}.Release|iPhone.Build.0 = Release|iPhone
		{9002B72F-51C5-4D40-B552-058F12C44C56}.Release|iPhoneSimulator.ActiveCfg = Release|iPhoneSimulator
		{9002B72F-51C5-4D40-B552-058F12C44C56}.Release|iPhoneSimulator.Build.0 = Release|iPhoneSimulator
		{9002B72F-51C5-4D40-B552-058F12C44C56}.Debug|iPhone.ActiveCfg = Debug|iPhone
		{9002B72F-51C5-4D40-B552-058F12C44C56}.Debug|iPhone.Build.0 = Debug|iPhone
		{D9A2D46A-6CF2-47D6-9F1A-1200E8295B1F}.Debug|Any CPU.ActiveCfg = Debug|Any CPU
		{D9A2D46A-6CF2-47D6-9F1A-1200E8295B1F}.Debug|Any CPU.Build.0 = Debug|Any CPU
		{D9A2D46A-6CF2-47D6-9F1A-1200E8295B1F}.Release|Any CPU.ActiveCfg = Release|Any CPU
		{D9A2D46A-6CF2-47D6-9F1A-1200E8295B1F}.Release|Any CPU.Build.0 = Release|Any CPU
		{D9A2D46A-6CF2-47D6-9F1A-1200E8295B1F}.Debug|iPhoneSimulator.ActiveCfg = Debug|Any CPU
		{D9A2D46A-6CF2-47D6-9F1A-1200E8295B1F}.Debug|iPhoneSimulator.Build.0 = Debug|Any CPU
		{D9A2D46A-6CF2-47D6-9F1A-1200E8295B1F}.Release|iPhone.ActiveCfg = Release|Any CPU
		{D9A2D46A-6CF2-47D6-9F1A-1200E8295B1F}.Release|iPhone.Build.0 = Release|Any CPU
		{D9A2D46A-6CF2-47D6-9F1A-1200E8295B1F}.Release|iPhoneSimulator.ActiveCfg = Release|Any CPU
		{D9A2D46A-6CF2-47D6-9F1A-1200E8295B1F}.Release|iPhoneSimulator.Build.0 = Release|Any CPU
		{D9A2D46A-6CF2-47D6-9F1A-1200E8295B1F}.Debug|iPhone.ActiveCfg = Debug|Any CPU
		{D9A2D46A-6CF2-47D6-9F1A-1200E8295B1F}.Debug|iPhone.Build.0 = Debug|Any CPU
	EndGlobalSection
EndGlobal
