Microsoft Visual Studio Solution File, Format Version 12.00
# Visual Studio 15
VisualStudioVersion = 15.0.28010.2048
MinimumVisualStudioVersion = 10.0.40219.1
Project("{FAE04EC0-301F-11D3-BF4B-00C04F79EFBC}") = "NativeBrowsers.Android", "NativeBrowsers.Android\NativeBrowsers.Android.csproj", "{81AD2443-A6EB-483F-80E3-72A5305F33CC}"
EndProject
Project("{FAE04EC0-301F-11D3-BF4B-00C04F79EFBC}") = "NativeBrowsers.iOS", "NativeBrowsers.iOS\NativeBrowsers.iOS.csproj", "{0DDE00EE-234C-4902-98DE-DAB29EC43E79}"
EndProject
Project("{9A19103F-16F7-4668-BE54-9A1E7A4F7556}") = "NativeBrowsers", "NativeBrowsers\NativeBrowsers.csproj", "{8884DD25-B343-4D56-9C89-ECC6F23DDFBA}"
EndProject
Project("{FAE04EC0-301F-11D3-BF4B-00C04F79EFBC}") = "NativeBrowsers.UWP", "NativeBrowsers.UWP\NativeBrowsers.UWP.csproj", "{8379F9E6-4187-4644-A284-C4B940AAC260}"
EndProject
Global
	GlobalSection(SolutionConfigurationPlatforms) = preSolution
		Ad-Hoc|Any CPU = Ad-Hoc|Any CPU
		Ad-Hoc|ARM = Ad-Hoc|ARM
		Ad-Hoc|iPhone = Ad-Hoc|iPhone
		Ad-Hoc|iPhoneSimulator = Ad-Hoc|iPhoneSimulator
		Ad-Hoc|x64 = Ad-Hoc|x64
		Ad-Hoc|x86 = Ad-Hoc|x86
		AppStore|Any CPU = AppStore|Any CPU
		AppStore|ARM = AppStore|ARM
		AppStore|iPhone = AppStore|iPhone
		AppStore|iPhoneSimulator = AppStore|iPhoneSimulator
		AppStore|x64 = AppStore|x64
		AppStore|x86 = AppStore|x86
		Debug|Any CPU = Debug|Any CPU
		Debug|ARM = Debug|ARM
		Debug|iPhone = Debug|iPhone
		Debug|iPhoneSimulator = Debug|iPhoneSimulator
		Debug|x64 = Debug|x64
		Debug|x86 = Debug|x86
		Release|Any CPU = Release|Any CPU
		Release|ARM = Release|ARM
		Release|iPhone = Release|iPhone
		Release|iPhoneSimulator = Release|iPhoneSimulator
		Release|x64 = Release|x64
		Release|x86 = Release|x86
	EndGlobalSection
	GlobalSection(ProjectConfigurationPlatforms) = postSolution
		{81AD2443-A6EB-483F-80E3-72A5305F33CC}.Ad-Hoc|Any CPU.ActiveCfg = Release|Any CPU
		{81AD2443-A6EB-483F-80E3-72A5305F33CC}.Ad-Hoc|Any CPU.Build.0 = Release|Any CPU
		{81AD2443-A6EB-483F-80E3-72A5305F33CC}.Ad-Hoc|Any CPU.Deploy.0 = Release|Any CPU
		{81AD2443-A6EB-483F-80E3-72A5305F33CC}.Ad-Hoc|ARM.ActiveCfg = Release|Any CPU
		{81AD2443-A6EB-483F-80E3-72A5305F33CC}.Ad-Hoc|ARM.Build.0 = Release|Any CPU
		{81AD2443-A6EB-483F-80E3-72A5305F33CC}.Ad-Hoc|ARM.Deploy.0 = Release|Any CPU
		{81AD2443-A6EB-483F-80E3-72A5305F33CC}.Ad-Hoc|iPhone.ActiveCfg = Debug|Any CPU
		{81AD2443-A6EB-483F-80E3-72A5305F33CC}.Ad-Hoc|iPhone.Build.0 = Debug|Any CPU
		{81AD2443-A6EB-483F-80E3-72A5305F33CC}.Ad-Hoc|iPhoneSimulator.ActiveCfg = Release|Any CPU
		{81AD2443-A6EB-483F-80E3-72A5305F33CC}.Ad-Hoc|iPhoneSimulator.Build.0 = Release|Any CPU
		{81AD2443-A6EB-483F-80E3-72A5305F33CC}.Ad-Hoc|iPhoneSimulator.Deploy.0 = Release|Any CPU
		{81AD2443-A6EB-483F-80E3-72A5305F33CC}.Ad-Hoc|x64.ActiveCfg = Release|Any CPU
		{81AD2443-A6EB-483F-80E3-72A5305F33CC}.Ad-Hoc|x64.Build.0 = Release|Any CPU
		{81AD2443-A6EB-483F-80E3-72A5305F33CC}.Ad-Hoc|x64.Deploy.0 = Release|Any CPU
		{81AD2443-A6EB-483F-80E3-72A5305F33CC}.Ad-Hoc|x86.ActiveCfg = Release|Any CPU
		{81AD2443-A6EB-483F-80E3-72A5305F33CC}.Ad-Hoc|x86.Build.0 = Release|Any CPU
		{81AD2443-A6EB-483F-80E3-72A5305F33CC}.Ad-Hoc|x86.Deploy.0 = Release|Any CPU
		{81AD2443-A6EB-483F-80E3-72A5305F33CC}.AppStore|Any CPU.ActiveCfg = Release|Any CPU
		{81AD2443-A6EB-483F-80E3-72A5305F33CC}.AppStore|Any CPU.Build.0 = Release|Any CPU
		{81AD2443-A6EB-483F-80E3-72A5305F33CC}.AppStore|Any CPU.Deploy.0 = Release|Any CPU
		{81AD2443-A6EB-483F-80E3-72A5305F33CC}.AppStore|ARM.ActiveCfg = Release|Any CPU
		{81AD2443-A6EB-483F-80E3-72A5305F33CC}.AppStore|ARM.Build.0 = Release|Any CPU
		{81AD2443-A6EB-483F-80E3-72A5305F33CC}.AppStore|ARM.Deploy.0 = Release|Any CPU
		{81AD2443-A6EB-483F-80E3-72A5305F33CC}.AppStore|iPhone.ActiveCfg = Debug|Any CPU
		{81AD2443-A6EB-483F-80E3-72A5305F33CC}.AppStore|iPhone.Build.0 = Debug|Any CPU
		{81AD2443-A6EB-483F-80E3-72A5305F33CC}.AppStore|iPhoneSimulator.ActiveCfg = Release|Any CPU
		{81AD2443-A6EB-483F-80E3-72A5305F33CC}.AppStore|iPhoneSimulator.Build.0 = Release|Any CPU
		{81AD2443-A6EB-483F-80E3-72A5305F33CC}.AppStore|iPhoneSimulator.Deploy.0 = Release|Any CPU
		{81AD2443-A6EB-483F-80E3-72A5305F33CC}.AppStore|x64.ActiveCfg = Release|Any CPU
		{81AD2443-A6EB-483F-80E3-72A5305F33CC}.AppStore|x64.Build.0 = Release|Any CPU
		{81AD2443-A6EB-483F-80E3-72A5305F33CC}.AppStore|x64.Deploy.0 = Release|Any CPU
		{81AD2443-A6EB-483F-80E3-72A5305F33CC}.AppStore|x86.ActiveCfg = Release|Any CPU
		{81AD2443-A6EB-483F-80E3-72A5305F33CC}.AppStore|x86.Build.0 = Release|Any CPU
		{81AD2443-A6EB-483F-80E3-72A5305F33CC}.AppStore|x86.Deploy.0 = Release|Any CPU
		{81AD2443-A6EB-483F-80E3-72A5305F33CC}.Debug|Any CPU.ActiveCfg = Debug|Any CPU
		{81AD2443-A6EB-483F-80E3-72A5305F33CC}.Debug|Any CPU.Build.0 = Debug|Any CPU
		{81AD2443-A6EB-483F-80E3-72A5305F33CC}.Debug|ARM.ActiveCfg = Debug|Any CPU
		{81AD2443-A6EB-483F-80E3-72A5305F33CC}.Debug|ARM.Build.0 = Debug|Any CPU
		{81AD2443-A6EB-483F-80E3-72A5305F33CC}.Debug|ARM.Deploy.0 = Debug|Any CPU
		{81AD2443-A6EB-483F-80E3-72A5305F33CC}.Debug|iPhone.ActiveCfg = Debug|Any CPU
		{81AD2443-A6EB-483F-80E3-72A5305F33CC}.Debug|iPhone.Build.0 = Debug|Any CPU
		{81AD2443-A6EB-483F-80E3-72A5305F33CC}.Debug|iPhoneSimulator.ActiveCfg = Debug|Any CPU
		{81AD2443-A6EB-483F-80E3-72A5305F33CC}.Debug|iPhoneSimulator.Build.0 = Debug|Any CPU
		{81AD2443-A6EB-483F-80E3-72A5305F33CC}.Debug|x64.ActiveCfg = Debug|Any CPU
		{81AD2443-A6EB-483F-80E3-72A5305F33CC}.Debug|x64.Build.0 = Debug|Any CPU
		{81AD2443-A6EB-483F-80E3-72A5305F33CC}.Debug|x64.Deploy.0 = Debug|Any CPU
		{81AD2443-A6EB-483F-80E3-72A5305F33CC}.Debug|x86.ActiveCfg = Debug|Any CPU
		{81AD2443-A6EB-483F-80E3-72A5305F33CC}.Debug|x86.Build.0 = Debug|Any CPU
		{81AD2443-A6EB-483F-80E3-72A5305F33CC}.Debug|x86.Deploy.0 = Debug|Any CPU
		{81AD2443-A6EB-483F-80E3-72A5305F33CC}.Release|Any CPU.ActiveCfg = Release|Any CPU
		{81AD2443-A6EB-483F-80E3-72A5305F33CC}.Release|Any CPU.Build.0 = Release|Any CPU
		{81AD2443-A6EB-483F-80E3-72A5305F33CC}.Release|ARM.ActiveCfg = Release|Any CPU
		{81AD2443-A6EB-483F-80E3-72A5305F33CC}.Release|ARM.Build.0 = Release|Any CPU
		{81AD2443-A6EB-483F-80E3-72A5305F33CC}.Release|ARM.Deploy.0 = Release|Any CPU
		{81AD2443-A6EB-483F-80E3-72A5305F33CC}.Release|iPhone.ActiveCfg = Release|Any CPU
		{81AD2443-A6EB-483F-80E3-72A5305F33CC}.Release|iPhone.Build.0 = Release|Any CPU
		{81AD2443-A6EB-483F-80E3-72A5305F33CC}.Release|iPhoneSimulator.ActiveCfg = Release|Any CPU
		{81AD2443-A6EB-483F-80E3-72A5305F33CC}.Release|iPhoneSimulator.Build.0 = Release|Any CPU
		{81AD2443-A6EB-483F-80E3-72A5305F33CC}.Release|x64.ActiveCfg = Release|Any CPU
		{81AD2443-A6EB-483F-80E3-72A5305F33CC}.Release|x64.Build.0 = Release|Any CPU
		{81AD2443-A6EB-483F-80E3-72A5305F33CC}.Release|x64.Deploy.0 = Release|Any CPU
		{81AD2443-A6EB-483F-80E3-72A5305F33CC}.Release|x86.ActiveCfg = Release|Any CPU
		{81AD2443-A6EB-483F-80E3-72A5305F33CC}.Release|x86.Build.0 = Release|Any CPU
		{81AD2443-A6EB-483F-80E3-72A5305F33CC}.Release|x86.Deploy.0 = Release|Any CPU
		{0DDE00EE-234C-4902-98DE-DAB29EC43E79}.Ad-Hoc|Any CPU.ActiveCfg = Ad-Hoc|iPhoneSimulator
		{0DDE00EE-234C-4902-98DE-DAB29EC43E79}.Ad-Hoc|ARM.ActiveCfg = Ad-Hoc|iPhoneSimulator
		{0DDE00EE-234C-4902-98DE-DAB29EC43E79}.Ad-Hoc|iPhone.ActiveCfg = Ad-Hoc|iPhone
		{0DDE00EE-234C-4902-98DE-DAB29EC43E79}.Ad-Hoc|iPhone.Build.0 = Ad-Hoc|iPhone
		{0DDE00EE-234C-4902-98DE-DAB29EC43E79}.Ad-Hoc|iPhoneSimulator.ActiveCfg = Ad-Hoc|iPhoneSimulator
		{0DDE00EE-234C-4902-98DE-DAB29EC43E79}.Ad-Hoc|iPhoneSimulator.Build.0 = Ad-Hoc|iPhoneSimulator
		{0DDE00EE-234C-4902-98DE-DAB29EC43E79}.Ad-Hoc|x64.ActiveCfg = Ad-Hoc|iPhoneSimulator
		{0DDE00EE-234C-4902-98DE-DAB29EC43E79}.Ad-Hoc|x86.ActiveCfg = Ad-Hoc|iPhoneSimulator
		{0DDE00EE-234C-4902-98DE-DAB29EC43E79}.AppStore|Any CPU.ActiveCfg = AppStore|iPhoneSimulator
		{0DDE00EE-234C-4902-98DE-DAB29EC43E79}.AppStore|ARM.ActiveCfg = AppStore|iPhoneSimulator
		{0DDE00EE-234C-4902-98DE-DAB29EC43E79}.AppStore|iPhone.ActiveCfg = AppStore|iPhone
		{0DDE00EE-234C-4902-98DE-DAB29EC43E79}.AppStore|iPhone.Build.0 = AppStore|iPhone
		{0DDE00EE-234C-4902-98DE-DAB29EC43E79}.AppStore|iPhoneSimulator.ActiveCfg = AppStore|iPhoneSimulator
		{0DDE00EE-234C-4902-98DE-DAB29EC43E79}.AppStore|iPhoneSimulator.Build.0 = AppStore|iPhoneSimulator
		{0DDE00EE-234C-4902-98DE-DAB29EC43E79}.AppStore|x64.ActiveCfg = AppStore|iPhoneSimulator
		{0DDE00EE-234C-4902-98DE-DAB29EC43E79}.AppStore|x86.ActiveCfg = AppStore|iPhoneSimulator
		{0DDE00EE-234C-4902-98DE-DAB29EC43E79}.Debug|Any CPU.ActiveCfg = Debug|iPhoneSimulator
		{0DDE00EE-234C-4902-98DE-DAB29EC43E79}.Debug|Any CPU.Build.0 = Debug|iPhoneSimulator
		{0DDE00EE-234C-4902-98DE-DAB29EC43E79}.Debug|ARM.ActiveCfg = Debug|iPhone
		{0DDE00EE-234C-4902-98DE-DAB29EC43E79}.Debug|iPhone.ActiveCfg = Debug|iPhone
		{0DDE00EE-234C-4902-98DE-DAB29EC43E79}.Debug|iPhone.Build.0 = Debug|iPhone
		{0DDE00EE-234C-4902-98DE-DAB29EC43E79}.Debug|iPhoneSimulator.ActiveCfg = Debug|iPhoneSimulator
		{0DDE00EE-234C-4902-98DE-DAB29EC43E79}.Debug|iPhoneSimulator.Build.0 = Debug|iPhoneSimulator
		{0DDE00EE-234C-4902-98DE-DAB29EC43E79}.Debug|x64.ActiveCfg = Debug|iPhone
		{0DDE00EE-234C-4902-98DE-DAB29EC43E79}.Debug|x86.ActiveCfg = Debug|iPhone
		{0DDE00EE-234C-4902-98DE-DAB29EC43E79}.Release|Any CPU.ActiveCfg = Release|iPhoneSimulator
		{0DDE00EE-234C-4902-98DE-DAB29EC43E79}.Release|Any CPU.Build.0 = Release|iPhoneSimulator
		{0DDE00EE-234C-4902-98DE-DAB29EC43E79}.Release|ARM.ActiveCfg = Release|iPhone
		{0DDE00EE-234C-4902-98DE-DAB29EC43E79}.Release|iPhone.ActiveCfg = Release|iPhone
		{0DDE00EE-234C-4902-98DE-DAB29EC43E79}.Release|iPhone.Build.0 = Release|iPhone
		{0DDE00EE-234C-4902-98DE-DAB29EC43E79}.Release|iPhoneSimulator.ActiveCfg = Release|iPhoneSimulator
		{0DDE00EE-234C-4902-98DE-DAB29EC43E79}.Release|iPhoneSimulator.Build.0 = Release|iPhoneSimulator
		{0DDE00EE-234C-4902-98DE-DAB29EC43E79}.Release|x64.ActiveCfg = Release|iPhone
		{0DDE00EE-234C-4902-98DE-DAB29EC43E79}.Release|x86.ActiveCfg = Release|iPhone
		{8884DD25-B343-4D56-9C89-ECC6F23DDFBA}.Ad-Hoc|Any CPU.ActiveCfg = Release|Any CPU
		{8884DD25-B343-4D56-9C89-ECC6F23DDFBA}.Ad-Hoc|Any CPU.Build.0 = Release|Any CPU
		{8884DD25-B343-4D56-9C89-ECC6F23DDFBA}.Ad-Hoc|ARM.ActiveCfg = Release|Any CPU
		{8884DD25-B343-4D56-9C89-ECC6F23DDFBA}.Ad-Hoc|ARM.Build.0 = Release|Any CPU
		{8884DD25-B343-4D56-9C89-ECC6F23DDFBA}.Ad-Hoc|iPhone.ActiveCfg = Debug|Any CPU
		{8884DD25-B343-4D56-9C89-ECC6F23DDFBA}.Ad-Hoc|iPhone.Build.0 = Debug|Any CPU
		{8884DD25-B343-4D56-9C89-ECC6F23DDFBA}.Ad-Hoc|iPhoneSimulator.ActiveCfg = Release|Any CPU
		{8884DD25-B343-4D56-9C89-ECC6F23DDFBA}.Ad-Hoc|iPhoneSimulator.Build.0 = Release|Any CPU
		{8884DD25-B343-4D56-9C89-ECC6F23DDFBA}.Ad-Hoc|x64.ActiveCfg = Release|Any CPU
		{8884DD25-B343-4D56-9C89-ECC6F23DDFBA}.Ad-Hoc|x64.Build.0 = Release|Any CPU
		{8884DD25-B343-4D56-9C89-ECC6F23DDFBA}.Ad-Hoc|x86.ActiveCfg = Release|Any CPU
		{8884DD25-B343-4D56-9C89-ECC6F23DDFBA}.Ad-Hoc|x86.Build.0 = Release|Any CPU
		{8884DD25-B343-4D56-9C89-ECC6F23DDFBA}.AppStore|Any CPU.ActiveCfg = Release|Any CPU
		{8884DD25-B343-4D56-9C89-ECC6F23DDFBA}.AppStore|Any CPU.Build.0 = Release|Any CPU
		{8884DD25-B343-4D56-9C89-ECC6F23DDFBA}.AppStore|ARM.ActiveCfg = Release|Any CPU
		{8884DD25-B343-4D56-9C89-ECC6F23DDFBA}.AppStore|ARM.Build.0 = Release|Any CPU
		{8884DD25-B343-4D56-9C89-ECC6F23DDFBA}.AppStore|iPhone.ActiveCfg = Debug|Any CPU
		{8884DD25-B343-4D56-9C89-ECC6F23DDFBA}.AppStore|iPhone.Build.0 = Debug|Any CPU
		{8884DD25-B343-4D56-9C89-ECC6F23DDFBA}.AppStore|iPhoneSimulator.ActiveCfg = Release|Any CPU
		{8884DD25-B343-4D56-9C89-ECC6F23DDFBA}.AppStore|iPhoneSimulator.Build.0 = Release|Any CPU
		{8884DD25-B343-4D56-9C89-ECC6F23DDFBA}.AppStore|x64.ActiveCfg = Release|Any CPU
		{8884DD25-B343-4D56-9C89-ECC6F23DDFBA}.AppStore|x64.Build.0 = Release|Any CPU
		{8884DD25-B343-4D56-9C89-ECC6F23DDFBA}.AppStore|x86.ActiveCfg = Release|Any CPU
		{8884DD25-B343-4D56-9C89-ECC6F23DDFBA}.AppStore|x86.Build.0 = Release|Any CPU
		{8884DD25-B343-4D56-9C89-ECC6F23DDFBA}.Debug|Any CPU.ActiveCfg = Debug|Any CPU
		{8884DD25-B343-4D56-9C89-ECC6F23DDFBA}.Debug|Any CPU.Build.0 = Debug|Any CPU
		{8884DD25-B343-4D56-9C89-ECC6F23DDFBA}.Debug|ARM.ActiveCfg = Debug|Any CPU
		{8884DD25-B343-4D56-9C89-ECC6F23DDFBA}.Debug|ARM.Build.0 = Debug|Any CPU
		{8884DD25-B343-4D56-9C89-ECC6F23DDFBA}.Debug|iPhone.ActiveCfg = Debug|Any CPU
		{8884DD25-B343-4D56-9C89-ECC6F23DDFBA}.Debug|iPhone.Build.0 = Debug|Any CPU
		{8884DD25-B343-4D56-9C89-ECC6F23DDFBA}.Debug|iPhoneSimulator.ActiveCfg = Debug|Any CPU
		{8884DD25-B343-4D56-9C89-ECC6F23DDFBA}.Debug|iPhoneSimulator.Build.0 = Debug|Any CPU
		{8884DD25-B343-4D56-9C89-ECC6F23DDFBA}.Debug|x64.ActiveCfg = Debug|Any CPU
		{8884DD25-B343-4D56-9C89-ECC6F23DDFBA}.Debug|x64.Build.0 = Debug|Any CPU
		{8884DD25-B343-4D56-9C89-ECC6F23DDFBA}.Debug|x86.ActiveCfg = Debug|Any CPU
		{8884DD25-B343-4D56-9C89-ECC6F23DDFBA}.Debug|x86.Build.0 = Debug|Any CPU
		{8884DD25-B343-4D56-9C89-ECC6F23DDFBA}.Release|Any CPU.ActiveCfg = Release|Any CPU
		{8884DD25-B343-4D56-9C89-ECC6F23DDFBA}.Release|Any CPU.Build.0 = Release|Any CPU
		{8884DD25-B343-4D56-9C89-ECC6F23DDFBA}.Release|ARM.ActiveCfg = Release|Any CPU
		{8884DD25-B343-4D56-9C89-ECC6F23DDFBA}.Release|ARM.Build.0 = Release|Any CPU
		{8884DD25-B343-4D56-9C89-ECC6F23DDFBA}.Release|iPhone.ActiveCfg = Release|Any CPU
		{8884DD25-B343-4D56-9C89-ECC6F23DDFBA}.Release|iPhone.Build.0 = Release|Any CPU
		{8884DD25-B343-4D56-9C89-ECC6F23DDFBA}.Release|iPhoneSimulator.ActiveCfg = Release|Any CPU
		{8884DD25-B343-4D56-9C89-ECC6F23DDFBA}.Release|iPhoneSimulator.Build.0 = Release|Any CPU
		{8884DD25-B343-4D56-9C89-ECC6F23DDFBA}.Release|x64.ActiveCfg = Release|Any CPU
		{8884DD25-B343-4D56-9C89-ECC6F23DDFBA}.Release|x64.Build.0 = Release|Any CPU
		{8884DD25-B343-4D56-9C89-ECC6F23DDFBA}.Release|x86.ActiveCfg = Release|Any CPU
		{8884DD25-B343-4D56-9C89-ECC6F23DDFBA}.Release|x86.Build.0 = Release|Any CPU
		{8379F9E6-4187-4644-A284-C4B940AAC260}.Ad-Hoc|Any CPU.ActiveCfg = Release|x64
		{8379F9E6-4187-4644-A284-C4B940AAC260}.Ad-Hoc|Any CPU.Build.0 = Release|x64
		{8379F9E6-4187-4644-A284-C4B940AAC260}.Ad-Hoc|Any CPU.Deploy.0 = Release|x64
		{8379F9E6-4187-4644-A284-C4B940AAC260}.Ad-Hoc|ARM.ActiveCfg = Release|ARM
		{8379F9E6-4187-4644-A284-C4B940AAC260}.Ad-Hoc|ARM.Build.0 = Release|ARM
		{8379F9E6-4187-4644-A284-C4B940AAC260}.Ad-Hoc|ARM.Deploy.0 = Release|ARM
		{8379F9E6-4187-4644-A284-C4B940AAC260}.Ad-Hoc|iPhone.ActiveCfg = Release|x64
		{8379F9E6-4187-4644-A284-C4B940AAC260}.Ad-Hoc|iPhone.Build.0 = Release|x64
		{8379F9E6-4187-4644-A284-C4B940AAC260}.Ad-Hoc|iPhone.Deploy.0 = Release|x64
		{8379F9E6-4187-4644-A284-C4B940AAC260}.Ad-Hoc|iPhoneSimulator.ActiveCfg = Release|x64
		{8379F9E6-4187-4644-A284-C4B940AAC260}.Ad-Hoc|iPhoneSimulator.Build.0 = Release|x64
		{8379F9E6-4187-4644-A284-C4B940AAC260}.Ad-Hoc|iPhoneSimulator.Deploy.0 = Release|x64
		{8379F9E6-4187-4644-A284-C4B940AAC260}.Ad-Hoc|x64.ActiveCfg = Release|x64
		{8379F9E6-4187-4644-A284-C4B940AAC260}.Ad-Hoc|x64.Build.0 = Release|x64
		{8379F9E6-4187-4644-A284-C4B940AAC260}.Ad-Hoc|x64.Deploy.0 = Release|x64
		{8379F9E6-4187-4644-A284-C4B940AAC260}.Ad-Hoc|x86.ActiveCfg = Release|x86
		{8379F9E6-4187-4644-A284-C4B940AAC260}.Ad-Hoc|x86.Build.0 = Release|x86
		{8379F9E6-4187-4644-A284-C4B940AAC260}.Ad-Hoc|x86.Deploy.0 = Release|x86
		{8379F9E6-4187-4644-A284-C4B940AAC260}.AppStore|Any CPU.ActiveCfg = Release|x64
		{8379F9E6-4187-4644-A284-C4B940AAC260}.AppStore|Any CPU.Build.0 = Release|x64
		{8379F9E6-4187-4644-A284-C4B940AAC260}.AppStore|Any CPU.Deploy.0 = Release|x64
		{8379F9E6-4187-4644-A284-C4B940AAC260}.AppStore|ARM.ActiveCfg = Release|ARM
		{8379F9E6-4187-4644-A284-C4B940AAC260}.AppStore|ARM.Build.0 = Release|ARM
		{8379F9E6-4187-4644-A284-C4B940AAC260}.AppStore|ARM.Deploy.0 = Release|ARM
		{8379F9E6-4187-4644-A284-C4B940AAC260}.AppStore|iPhone.ActiveCfg = Release|x64
		{8379F9E6-4187-4644-A284-C4B940AAC260}.AppStore|iPhone.Build.0 = Release|x64
		{8379F9E6-4187-4644-A284-C4B940AAC260}.AppStore|iPhone.Deploy.0 = Release|x64
		{8379F9E6-4187-4644-A284-C4B940AAC260}.AppStore|iPhoneSimulator.ActiveCfg = Release|x64
		{8379F9E6-4187-4644-A284-C4B940AAC260}.AppStore|iPhoneSimulator.Build.0 = Release|x64
		{8379F9E6-4187-4644-A284-C4B940AAC260}.AppStore|iPhoneSimulator.Deploy.0 = Release|x64
		{8379F9E6-4187-4644-A284-C4B940AAC260}.AppStore|x64.ActiveCfg = Release|x64
		{8379F9E6-4187-4644-A284-C4B940AAC260}.AppStore|x64.Build.0 = Release|x64
		{8379F9E6-4187-4644-A284-C4B940AAC260}.AppStore|x64.Deploy.0 = Release|x64
		{8379F9E6-4187-4644-A284-C4B940AAC260}.AppStore|x86.ActiveCfg = Release|x86
		{8379F9E6-4187-4644-A284-C4B940AAC260}.AppStore|x86.Build.0 = Release|x86
		{8379F9E6-4187-4644-A284-C4B940AAC260}.AppStore|x86.Deploy.0 = Release|x86
		{8379F9E6-4187-4644-A284-C4B940AAC260}.Debug|Any CPU.ActiveCfg = Debug|x86
		{8379F9E6-4187-4644-A284-C4B940AAC260}.Debug|ARM.ActiveCfg = Debug|ARM
		{8379F9E6-4187-4644-A284-C4B940AAC260}.Debug|ARM.Build.0 = Debug|ARM
		{8379F9E6-4187-4644-A284-C4B940AAC260}.Debug|ARM.Deploy.0 = Debug|ARM
		{8379F9E6-4187-4644-A284-C4B940AAC260}.Debug|iPhone.ActiveCfg = Debug|x86
		{8379F9E6-4187-4644-A284-C4B940AAC260}.Debug|iPhoneSimulator.ActiveCfg = Debug|x86
		{8379F9E6-4187-4644-A284-C4B940AAC260}.Debug|x64.ActiveCfg = Debug|x64
		{8379F9E6-4187-4644-A284-C4B940AAC260}.Debug|x64.Build.0 = Debug|x64
		{8379F9E6-4187-4644-A284-C4B940AAC260}.Debug|x64.Deploy.0 = Debug|x64
		{8379F9E6-4187-4644-A284-C4B940AAC260}.Debug|x86.ActiveCfg = Debug|x86
		{8379F9E6-4187-4644-A284-C4B940AAC260}.Debug|x86.Build.0 = Debug|x86
		{8379F9E6-4187-4644-A284-C4B940AAC260}.Debug|x86.Deploy.0 = Debug|x86
		{8379F9E6-4187-4644-A284-C4B940AAC260}.Release|Any CPU.ActiveCfg = Release|x86
		{8379F9E6-4187-4644-A284-C4B940AAC260}.Release|ARM.ActiveCfg = Release|ARM
		{8379F9E6-4187-4644-A284-C4B940AAC260}.Release|ARM.Build.0 = Release|ARM
		{8379F9E6-4187-4644-A284-C4B940AAC260}.Release|ARM.Deploy.0 = Release|ARM
		{8379F9E6-4187-4644-A284-C4B940AAC260}.Release|iPhone.ActiveCfg = Release|x86
		{8379F9E6-4187-4644-A284-C4B940AAC260}.Release|iPhoneSimulator.ActiveCfg = Release|x86
		{8379F9E6-4187-4644-A284-C4B940AAC260}.Release|x64.ActiveCfg = Release|x64
		{8379F9E6-4187-4644-A284-C4B940AAC260}.Release|x64.Build.0 = Release|x64
		{8379F9E6-4187-4644-A284-C4B940AAC260}.Release|x64.Deploy.0 = Release|x64
		{8379F9E6-4187-4644-A284-C4B940AAC260}.Release|x86.ActiveCfg = Release|x86
		{8379F9E6-4187-4644-A284-C4B940AAC260}.Release|x86.Build.0 = Release|x86
		{8379F9E6-4187-4644-A284-C4B940AAC260}.Release|x86.Deploy.0 = Release|x86
	EndGlobalSection
	GlobalSection(SolutionProperties) = preSolution
		HideSolutionNode = FALSE
	EndGlobalSection
	GlobalSection(ExtensibilityGlobals) = postSolution
		SolutionGuid = {7925AD85-DDB9-4C3C-93D9-C3F2F15F5BA7}
	EndGlobalSection
EndGlobal
