
Microsoft Visual Studio Solution File, Format Version 12.00
# Visual Studio 2012
Project("{FAE04EC0-301F-11D3-BF4B-00C04F79EFBC}") = "DependencyServiceAndLocalContext", "DependencyServiceAndLocalContext\DependencyServiceAndLocalContext.csproj", "{DA7FC852-173B-4296-89DA-EB0F09694C39}"
EndProject
Project("{FAE04EC0-301F-11D3-BF4B-00C04F79EFBC}") = "DependencyServiceAndLocalContext.Droid", "Droid\DependencyServiceAndLocalContext.Droid.csproj", "{1D341A9C-0136-44B0-8044-302F1CD89A14}"
EndProject
Global
	GlobalSection(SolutionConfigurationPlatforms) = preSolution
		Debug|Any CPU = Debug|Any CPU
		Release|Any CPU = Release|Any CPU
	EndGlobalSection
	GlobalSection(ProjectConfigurationPlatforms) = postSolution
		{DA7FC852-173B-4296-89DA-EB0F09694C39}.Debug|Any CPU.ActiveCfg = Debug|Any CPU
		{DA7FC852-173B-4296-89DA-EB0F09694C39}.Debug|Any CPU.Build.0 = Debug|Any CPU
		{DA7FC852-173B-4296-89DA-EB0F09694C39}.Release|Any CPU.ActiveCfg = Release|Any CPU
		{DA7FC852-173B-4296-89DA-EB0F09694C39}.Release|Any CPU.Build.0 = Release|Any CPU
		{1D341A9C-0136-44B0-8044-302F1CD89A14}.Debug|Any CPU.ActiveCfg = Debug|Any CPU
		{1D341A9C-0136-44B0-8044-302F1CD89A14}.Debug|Any CPU.Build.0 = Debug|Any CPU
		{1D341A9C-0136-44B0-8044-302F1CD89A14}.Release|Any CPU.ActiveCfg = Release|Any CPU
		{1D341A9C-0136-44B0-8044-302F1CD89A14}.Release|Any CPU.Build.0 = Release|Any CPU
	EndGlobalSection
EndGlobal
